
Microsoft Visual Studio Solution File, Format Version 12.00
# Visual Studio Version 16
VisualStudioVersion = 16.0.31515.178
MinimumVisualStudioVersion = 10.0.40219.1
Project("{FAE04EC0-301F-11D3-BF4B-00C04F79EFBC}") = "AppV6", "AppV6\AppV6.csproj", "{828AE421-721D-47B4-ABDB-9CF0D8C9F057}"
EndProject
Global
	GlobalSection(SolutionConfigurationPlatforms) = preSolution
		Debug|Any CPU = Debug|Any CPU
		Release|Any CPU = Release|Any CPU
	EndGlobalSection
	GlobalSection(ProjectConfigurationPlatforms) = postSolution
		{828AE421-721D-47B4-ABDB-9CF0D8C9F057}.Debug|Any CPU.ActiveCfg = Debug|Any CPU
		{828AE421-721D-47B4-ABDB-9CF0D8C9F057}.Debug|Any CPU.Build.0 = Debug|Any CPU
		{828AE421-721D-47B4-ABDB-9CF0D8C9F057}.Release|Any CPU.ActiveCfg = Release|Any CPU
		{828AE421-721D-47B4-ABDB-9CF0D8C9F057}.Release|Any CPU.Build.0 = Release|Any CPU
	EndGlobalSection
	GlobalSection(SolutionProperties) = preSolution
		HideSolutionNode = FALSE
	EndGlobalSection
	GlobalSection(ExtensibilityGlobals) = postSolution
		SolutionGuid = {4E7F9BE6-8EB2-474C-B261-4480A546D71E}
	EndGlobalSection
EndGlobal
